
Microsoft Visual Studio Solution File, Format Version 12.00
# Visual Studio Version 17
VisualStudioVersion = 17.8.34330.188
MinimumVisualStudioVersion = 10.0.40219.1
Project("{FAE04EC0-301F-11D3-BF4B-00C04F79EFBC}") = "renamer", "renamer.csproj", "{E36AFEC2-C96F-47CF-B148-6D9F7AA42A76}"
EndProject
Global
	GlobalSection(SolutionConfigurationPlatforms) = preSolution
		Debug|Any CPU = Debug|Any CPU
		Release|Any CPU = Release|Any CPU
	EndGlobalSection
	GlobalSection(ProjectConfigurationPlatforms) = postSolution
		{E36AFEC2-C96F-47CF-B148-6D9F7AA42A76}.Debug|Any CPU.ActiveCfg = Debug|Any CPU
		{E36AFEC2-C96F-47CF-B148-6D9F7AA42A76}.Debug|Any CPU.Build.0 = Debug|Any CPU
		{E36AFEC2-C96F-47CF-B148-6D9F7AA42A76}.Release|Any CPU.ActiveCfg = Release|Any CPU
		{E36AFEC2-C96F-47CF-B148-6D9F7AA42A76}.Release|Any CPU.Build.0 = Release|Any CPU
	EndGlobalSection
	GlobalSection(SolutionProperties) = preSolution
		HideSolutionNode = FALSE
	EndGlobalSection
	GlobalSection(ExtensibilityGlobals) = postSolution
		SolutionGuid = {CB9BF796-5AB7-4607-8FDC-A879CCEB17D9}
	EndGlobalSection
EndGlobal
